// !$*UTF8*$!
{
	archiveVersion = 1;
	classes = {
	};
	objectVersion = 50;
	objects = {

/* Begin PBXBuildFile section */
		55286B8224DF67FA000E606D /* AppDelegate.swift in Sources */ = {isa = PBXBuildFile; fileRef = 55286B8124DF67FA000E606D /* AppDelegate.swift */; };
		55286B8424DF67FA000E606D /* SceneDelegate.swift in Sources */ = {isa = PBXBuildFile; fileRef = 55286B8324DF67FA000E606D /* SceneDelegate.swift */; };
		55286B8724DF67FA000E606D /* Cloud_53_ver2.xcdatamodeld in Sources */ = {isa = PBXBuildFile; fileRef = 55286B8524DF67FA000E606D /* Cloud_53_ver2.xcdatamodeld */; };
		55286B8924DF67FA000E606D /* ContentView.swift in Sources */ = {isa = PBXBuildFile; fileRef = 55286B8824DF67FA000E606D /* ContentView.swift */; };
		55286B8B24DF67FD000E606D /* Assets.xcassets in Resources */ = {isa = PBXBuildFile; fileRef = 55286B8A24DF67FD000E606D /* Assets.xcassets */; };
		55286B8E24DF67FD000E606D /* Preview Assets.xcassets in Resources */ = {isa = PBXBuildFile; fileRef = 55286B8D24DF67FD000E606D /* Preview Assets.xcassets */; };
		55286B9124DF67FD000E606D /* LaunchScreen.storyboard in Resources */ = {isa = PBXBuildFile; fileRef = 55286B8F24DF67FD000E606D /* LaunchScreen.storyboard */; };
		55286B9C24DF67FE000E606D /* Cloud_53_ver2Tests.swift in Sources */ = {isa = PBXBuildFile; fileRef = 55286B9B24DF67FE000E606D /* Cloud_53_ver2Tests.swift */; };
/* End PBXBuildFile section */

/* Begin PBXContainerItemProxy section */
		55286B9824DF67FE000E606D /* PBXContainerItemProxy */ = {
			isa = PBXContainerItemProxy;
			containerPortal = 55286B7624DF67FA000E606D /* Project object */;
			proxyType = 1;
			remoteGlobalIDString = 55286B7D24DF67FA000E606D;
			remoteInfo = Cloud_53_ver2;
		};
/* End PBXContainerItemProxy section */

/* Begin PBXFileReference section */
		55286B7E24DF67FA000E606D /* Cloud_53_ver2.app */ = {isa = PBXFileReference; explicitFileType = wrapper.application; includeInIndex = 0; path = Cloud_53_ver2.app; sourceTree = BUILT_PRODUCTS_DIR; };
		55286B8124DF67FA000E606D /* AppDelegate.swift */ = {isa = PBXFileReference; lastKnownFileType = sourcecode.swift; path = AppDelegate.swift; sourceTree = "<group>"; };
		55286B8324DF67FA000E606D /* SceneDelegate.swift */ = {isa = PBXFileReference; lastKnownFileType = sourcecode.swift; path = SceneDelegate.swift; sourceTree = "<group>"; };
		55286B8624DF67FA000E606D /* Cloud_53_ver2.xcdatamodel */ = {isa = PBXFileReference; lastKnownFileType = wrapper.xcdatamodel; path = Cloud_53_ver2.xcdatamodel; sourceTree = "<group>"; };
		55286B8824DF67FA000E606D /* ContentView.swift */ = {isa = PBXFileReference; lastKnownFileType = sourcecode.swift; path = ContentView.swift; sourceTree = "<group>"; };
		55286B8A24DF67FD000E606D /* Assets.xcassets */ = {isa = PBXFileReference; lastKnownFileType = folder.assetcatalog; path = Assets.xcassets; sourceTree = "<group>"; };
		55286B8D24DF67FD000E606D /* Preview Assets.xcassets */ = {isa = PBXFileReference; lastKnownFileType = folder.assetcatalog; path = "Preview Assets.xcassets"; sourceTree = "<group>"; };
		55286B9024DF67FD000E606D /* Base */ = {isa = PBXFileReference; lastKnownFileType = file.storyboard; name = Base; path = Base.lproj/LaunchScreen.storyboard; sourceTree = "<group>"; };
		55286B9224DF67FD000E606D /* Info.plist */ = {isa = PBXFileReference; lastKnownFileType = text.plist.xml; path = Info.plist; sourceTree = "<group>"; };
		55286B9724DF67FE000E606D /* Cloud_53_ver2Tests.xctest */ = {isa = PBXFileReference; explicitFileType = wrapper.cfbundle; includeInIndex = 0; path = Cloud_53_ver2Tests.xctest; sourceTree = BUILT_PRODUCTS_DIR; };
		55286B9B24DF67FE000E606D /* Cloud_53_ver2Tests.swift */ = {isa = PBXFileReference; lastKnownFileType = sourcecode.swift; path = Cloud_53_ver2Tests.swift; sourceTree = "<group>"; };
		55286B9D24DF67FE000E606D /* Info.plist */ = {isa = PBXFileReference; lastKnownFileType = text.plist.xml; path = Info.plist; sourceTree = "<group>"; };
/* End PBXFileReference section */

/* Begin PBXFrameworksBuildPhase section */
		55286B7B24DF67FA000E606D /* Frameworks */ = {
			isa = PBXFrameworksBuildPhase;
			buildActionMask = 2147483647;
			files = (
			);
			runOnlyForDeploymentPostprocessing = 0;
		};
		55286B9424DF67FE000E606D /* Frameworks */ = {
			isa = PBXFrameworksBuildPhase;
			buildActionMask = 2147483647;
			files = (
			);
			runOnlyForDeploymentPostprocessing = 0;
		};
/* End PBXFrameworksBuildPhase section */

/* Begin PBXGroup section */
		55286B7524DF67FA000E606D = {
			isa = PBXGroup;
			children = (
				55286B8024DF67FA000E606D /* Cloud_53_ver2 */,
				55286B9A24DF67FE000E606D /* Cloud_53_ver2Tests */,
				55286B7F24DF67FA000E606D /* Products */,
			);
			sourceTree = "<group>";
		};
		55286B7F24DF67FA000E606D /* Products */ = {
			isa = PBXGroup;
			children = (
				55286B7E24DF67FA000E606D /* Cloud_53_ver2.app */,
				55286B9724DF67FE000E606D /* Cloud_53_ver2Tests.xctest */,
			);
			name = Products;
			sourceTree = "<group>";
		};
		55286B8024DF67FA000E606D /* Cloud_53_ver2 */ = {
			isa = PBXGroup;
			children = (
				55286B8124DF67FA000E606D /* AppDelegate.swift */,
				55286B8324DF67FA000E606D /* SceneDelegate.swift */,
				55286B8824DF67FA000E606D /* ContentView.swift */,
				55286B8A24DF67FD000E606D /* Assets.xcassets */,
				55286B8F24DF67FD000E606D /* LaunchScreen.storyboard */,
				55286B9224DF67FD000E606D /* Info.plist */,
				55286B8524DF67FA000E606D /* Cloud_53_ver2.xcdatamodeld */,
				55286B8C24DF67FD000E606D /* Preview Content */,
			);
			path = Cloud_53_ver2;
			sourceTree = "<group>";
		};
		55286B8C24DF67FD000E606D /* Preview Content */ = {
			isa = PBXGroup;
			children = (
				55286B8D24DF67FD000E606D /* Preview Assets.xcassets */,
			);
			path = "Preview Content";
			sourceTree = "<group>";
		};
		55286B9A24DF67FE000E606D /* Cloud_53_ver2Tests */ = {
			isa = PBXGroup;
			children = (
				55286B9B24DF67FE000E606D /* Cloud_53_ver2Tests.swift */,
				55286B9D24DF67FE000E606D /* Info.plist */,
			);
			path = Cloud_53_ver2Tests;
			sourceTree = "<group>";
		};
/* End PBXGroup section */

/* Begin PBXNativeTarget section */
		55286B7D24DF67FA000E606D /* Cloud_53_ver2 */ = {
			isa = PBXNativeTarget;
			buildConfigurationList = 55286BA024DF67FE000E606D /* Build configuration list for PBXNativeTarget "Cloud_53_ver2" */;
			buildPhases = (
				55286B7A24DF67FA000E606D /* Sources */,
				55286B7B24DF67FA000E606D /* Frameworks */,
				55286B7C24DF67FA000E606D /* Resources */,
			);
			buildRules = (
			);
			dependencies = (
			);
			name = Cloud_53_ver2;
			productName = Cloud_53_ver2;
			productReference = 55286B7E24DF67FA000E606D /* Cloud_53_ver2.app */;
			productType = "com.apple.product-type.application";
		};
		55286B9624DF67FE000E606D /* Cloud_53_ver2Tests */ = {
			isa = PBXNativeTarget;
			buildConfigurationList = 55286BA324DF67FE000E606D /* Build configuration list for PBXNativeTarget "Cloud_53_ver2Tests" */;
			buildPhases = (
				55286B9324DF67FE000E606D /* Sources */,
				55286B9424DF67FE000E606D /* Frameworks */,
				55286B9524DF67FE000E606D /* Resources */,
			);
			buildRules = (
			);
			dependencies = (
				55286B9924DF67FE000E606D /* PBXTargetDependency */,
			);
			name = Cloud_53_ver2Tests;
			productName = Cloud_53_ver2Tests;
			productReference = 55286B9724DF67FE000E606D /* Cloud_53_ver2Tests.xctest */;
			productType = "com.apple.product-type.bundle.unit-test";
		};
/* End PBXNativeTarget section */

/* Begin PBXProject section */
		55286B7624DF67FA000E606D /* Project object */ = {
			isa = PBXProject;
			attributes = {
				LastSwiftUpdateCheck = 1150;
				LastUpgradeCheck = 1150;
				ORGANIZATIONNAME = oak;
				TargetAttributes = {
					55286B7D24DF67FA000E606D = {
						CreatedOnToolsVersion = 11.5;
					};
					55286B9624DF67FE000E606D = {
						CreatedOnToolsVersion = 11.5;
						TestTargetID = 55286B7D24DF67FA000E606D;
					};
				};
			};
			buildConfigurationList = 55286B7924DF67FA000E606D /* Build configuration list for PBXProject "Cloud_53_ver2" */;
			compatibilityVersion = "Xcode 9.3";
			developmentRegion = en;
			hasScannedForEncodings = 0;
			knownRegions = (
				en,
				Base,
			);
			mainGroup = 55286B7524DF67FA000E606D;
			productRefGroup = 55286B7F24DF67FA000E606D /* Products */;
			projectDirPath = "";
			projectRoot = "";
			targets = (
				55286B7D24DF67FA000E606D /* Cloud_53_ver2 */,
				55286B9624DF67FE000E606D /* Cloud_53_ver2Tests */,
			);
		};
/* End PBXProject section */

/* Begin PBXResourcesBuildPhase section */
		55286B7C24DF67FA000E606D /* Resources */ = {
			isa = PBXResourcesBuildPhase;
			buildActionMask = 2147483647;
			files = (
				55286B9124DF67FD000E606D /* LaunchScreen.storyboard in Resources */,
				55286B8E24DF67FD000E606D /* Preview Assets.xcassets in Resources */,
				55286B8B24DF67FD000E606D /* Assets.xcassets in Resources */,
			);
			runOnlyForDeploymentPostprocessing = 0;
		};
		55286B9524DF67FE000E606D /* Resources */ = {
			isa = PBXResourcesBuildPhase;
			buildActionMask = 2147483647;
			files = (
			);
			runOnlyForDeploymentPostprocessing = 0;
		};
/* End PBXResourcesBuildPhase section */

/* Begin PBXSourcesBuildPhase section */
		55286B7A24DF67FA000E606D /* Sources */ = {
			isa = PBXSourcesBuildPhase;
			buildActionMask = 2147483647;
			files = (
				55286B8224DF67FA000E606D /* AppDelegate.swift in Sources */,
				55286B8424DF67FA000E606D /* SceneDelegate.swift in Sources */,
				55286B8924DF67FA000E606D /* ContentView.swift in Sources */,
				55286B8724DF67FA000E606D /* Cloud_53_ver2.xcdatamodeld in Sources */,
			);
			runOnlyForDeploymentPostprocessing = 0;
		};
		55286B9324DF67FE000E606D /* Sources */ = {
			isa = PBXSourcesBuildPhase;
			buildActionMask = 2147483647;
			files = (
				55286B9C24DF67FE000E606D /* Cloud_53_ver2Tests.swift in Sources */,
			);
			runOnlyForDeploymentPostprocessing = 0;
		};
/* End PBXSourcesBuildPhase section */

/* Begin PBXTargetDependency section */
		55286B9924DF67FE000E606D /* PBXTargetDependency */ = {
			isa = PBXTargetDependency;
			target = 55286B7D24DF67FA000E606D /* Cloud_53_ver2 */;
			targetProxy = 55286B9824DF67FE000E606D /* PBXContainerItemProxy */;
		};
/* End PBXTargetDependency section */

/* Begin PBXVariantGroup section */
		55286B8F24DF67FD000E606D /* LaunchScreen.storyboard */ = {
			isa = PBXVariantGroup;
			children = (
				55286B9024DF67FD000E606D /* Base */,
			);
			name = LaunchScreen.storyboard;
			sourceTree = "<group>";
		};
/* End PBXVariantGroup section */

/* Begin XCBuildConfiguration section */
		55286B9E24DF67FE000E606D /* Debug */ = {
			isa = XCBuildConfiguration;
			buildSettings = {
				ALWAYS_SEARCH_USER_PATHS = NO;
				CLANG_ANALYZER_NONNULL = YES;
				CLANG_ANALYZER_NUMBER_OBJECT_CONVERSION = YES_AGGRESSIVE;
				CLANG_CXX_LANGUAGE_STANDARD = "gnu++14";
				CLANG_CXX_LIBRARY = "libc++";
				CLANG_ENABLE_MODULES = YES;
				CLANG_ENABLE_OBJC_ARC = YES;
				CLANG_ENABLE_OBJC_WEAK = YES;
				CLANG_WARN_BLOCK_CAPTURE_AUTORELEASING = YES;
				CLANG_WARN_BOOL_CONVERSION = YES;
				CLANG_WARN_COMMA = YES;
				CLANG_WARN_CONSTANT_CONVERSION = YES;
				CLANG_WARN_DEPRECATED_OBJC_IMPLEMENTATIONS = YES;
				CLANG_WARN_DIRECT_OBJC_ISA_USAGE = YES_ERROR;
				CLANG_WARN_DOCUMENTATION_COMMENTS = YES;
				CLANG_WARN_EMPTY_BODY = YES;
				CLANG_WARN_ENUM_CONVERSION = YES;
				CLANG_WARN_INFINITE_RECURSION = YES;
				CLANG_WARN_INT_CONVERSION = YES;
				CLANG_WARN_NON_LITERAL_NULL_CONVERSION = YES;
				CLANG_WARN_OBJC_IMPLICIT_RETAIN_SELF = YES;
				CLANG_WARN_OBJC_LITERAL_CONVERSION = YES;
				CLANG_WARN_OBJC_ROOT_CLASS = YES_ERROR;
				CLANG_WARN_RANGE_LOOP_ANALYSIS = YES;
				CLANG_WARN_STRICT_PROTOTYPES = YES;
				CLANG_WARN_SUSPICIOUS_MOVE = YES;
				CLANG_WARN_UNGUARDED_AVAILABILITY = YES_AGGRESSIVE;
				CLANG_WARN_UNREACHABLE_CODE = YES;
				CLANG_WARN__DUPLICATE_METHOD_MATCH = YES;
				COPY_PHASE_STRIP = NO;
				DEBUG_INFORMATION_FORMAT = dwarf;
				ENABLE_STRICT_OBJC_MSGSEND = YES;
				ENABLE_TESTABILITY = YES;
				GCC_C_LANGUAGE_STANDARD = gnu11;
				GCC_DYNAMIC_NO_PIC = NO;
				GCC_NO_COMMON_BLOCKS = YES;
				GCC_OPTIMIZATION_LEVEL = 0;
				GCC_PREPROCESSOR_DEFINITIONS = (
					"DEBUG=1",
					"$(inherited)",
				);
				GCC_WARN_64_TO_32_BIT_CONVERSION = YES;
				GCC_WARN_ABOUT_RETURN_TYPE = YES_ERROR;
				GCC_WARN_UNDECLARED_SELECTOR = YES;
				GCC_WARN_UNINITIALIZED_AUTOS = YES_AGGRESSIVE;
				GCC_WARN_UNUSED_FUNCTION = YES;
				GCC_WARN_UNUSED_VARIABLE = YES;
				IPHONEOS_DEPLOYMENT_TARGET = 13.5;
				MTL_ENABLE_DEBUG_INFO = INCLUDE_SOURCE;
				MTL_FAST_MATH = YES;
				ONLY_ACTIVE_ARCH = YES;
				SDKROOT = iphoneos;
				SWIFT_ACTIVE_COMPILATION_CONDITIONS = DEBUG;
				SWIFT_OPTIMIZATION_LEVEL = "-Onone";
			};
			name = Debug;
		};
		55286B9F24DF67FE000E606D /* Release */ = {
			isa = XCBuildConfiguration;
			buildSettings = {
				ALWAYS_SEARCH_USER_PATHS = NO;
				CLANG_ANALYZER_NONNULL = YES;
				CLANG_ANALYZER_NUMBER_OBJECT_CONVERSION = YES_AGGRESSIVE;
				CLANG_CXX_LANGUAGE_STANDARD = "gnu++14";
				CLANG_CXX_LIBRARY = "libc++";
				CLANG_ENABLE_MODULES = YES;
				CLANG_ENABLE_OBJC_ARC = YES;
				CLANG_ENABLE_OBJC_WEAK = YES;
				CLANG_WARN_BLOCK_CAPTURE_AUTORELEASING = YES;
				CLANG_WARN_BOOL_CONVERSION = YES;
				CLANG_WARN_COMMA = YES;
				CLANG_WARN_CONSTANT_CONVERSION = YES;
				CLANG_WARN_DEPRECATED_OBJC_IMPLEMENTATIONS = YES;
				CLANG_WARN_DIRECT_OBJC_ISA_USAGE = YES_ERROR;
				CLANG_WARN_DOCUMENTATION_COMMENTS = YES;
				CLANG_WARN_EMPTY_BODY = YES;
				CLANG_WARN_ENUM_CONVERSION = YES;
				CLANG_WARN_INFINITE_RECURSION = YES;
				CLANG_WARN_INT_CONVERSION = YES;
				CLANG_WARN_NON_LITERAL_NULL_CONVERSION = YES;
				CLANG_WARN_OBJC_IMPLICIT_RETAIN_SELF = YES;
				CLANG_WARN_OBJC_LITERAL_CONVERSION = YES;
				CLANG_WARN_OBJC_ROOT_CLASS = YES_ERROR;
				CLANG_WARN_RANGE_LOOP_ANALYSIS = YES;
				CLANG_WARN_STRICT_PROTOTYPES = YES;
				CLANG_WARN_SUSPICIOUS_MOVE = YES;
				CLANG_WARN_UNGUARDED_AVAILABILITY = YES_AGGRESSIVE;
				CLANG_WARN_UNREACHABLE_CODE = YES;
				CLANG_WARN__DUPLICATE_METHOD_MATCH = YES;
				COPY_PHASE_STRIP = NO;
				DEBUG_INFORMATION_FORMAT = "dwarf-with-dsym";
				ENABLE_NS_ASSERTIONS = NO;
				ENABLE_STRICT_OBJC_MSGSEND = YES;
				GCC_C_LANGUAGE_STANDARD = gnu11;
				GCC_NO_COMMON_BLOCKS = YES;
				GCC_WARN_64_TO_32_BIT_CONVERSION = YES;
				GCC_WARN_ABOUT_RETURN_TYPE = YES_ERROR;
				GCC_WARN_UNDECLARED_SELECTOR = YES;
				GCC_WARN_UNINITIALIZED_AUTOS = YES_AGGRESSIVE;
				GCC_WARN_UNUSED_FUNCTION = YES;
				GCC_WARN_UNUSED_VARIABLE = YES;
				IPHONEOS_DEPLOYMENT_TARGET = 13.5;
				MTL_ENABLE_DEBUG_INFO = NO;
				MTL_FAST_MATH = YES;
				SDKROOT = iphoneos;
				SWIFT_COMPILATION_MODE = wholemodule;
				SWIFT_OPTIMIZATION_LEVEL = "-O";
				VALIDATE_PRODUCT = YES;
			};
			name = Release;
		};
		55286BA124DF67FE000E606D /* Debug */ = {
			isa = XCBuildConfiguration;
			buildSettings = {
				ASSETCATALOG_COMPILER_APPICON_NAME = AppIcon;
				CODE_SIGN_STYLE = Automatic;
				DEVELOPMENT_ASSET_PATHS = "\"Cloud_53_ver2/Preview Content\"";
				DEVELOPMENT_TEAM = 6W3ZNHRYY4;
				ENABLE_PREVIEWS = YES;
				INFOPLIST_FILE = Cloud_53_ver2/Info.plist;
				LD_RUNPATH_SEARCH_PATHS = (
					"$(inherited)",
					"@executable_path/Frameworks",
				);
				PRODUCT_BUNDLE_IDENTIFIER = "oak.Cloud-53-ver2";
				PRODUCT_NAME = "$(TARGET_NAME)";
				SWIFT_VERSION = 5.0;
				TARGETED_DEVICE_FAMILY = "1,2";
			};
			name = Debug;
		};
		55286BA224DF67FE000E606D /* Release */ = {
			isa = XCBuildConfiguration;
			buildSettings = {
				ASSETCATALOG_COMPILER_APPICON_NAME = AppIcon;
				CODE_SIGN_STYLE = Automatic;
				DEVELOPMENT_ASSET_PATHS = "\"Cloud_53_ver2/Preview Content\"";
				DEVELOPMENT_TEAM = 6W3ZNHRYY4;
				ENABLE_PREVIEWS = YES;
				INFOPLIST_FILE = Cloud_53_ver2/Info.plist;
				LD_RUNPATH_SEARCH_PATHS = (
					"$(inherited)",
					"@executable_path/Frameworks",
				);
				PRODUCT_BUNDLE_IDENTIFIER = "oak.Cloud-53-ver2";
				PRODUCT_NAME = "$(TARGET_NAME)";
				SWIFT_VERSION = 5.0;
				TARGETED_DEVICE_FAMILY = "1,2";
			};
			name = Release;
		};
		55286BA424DF67FE000E606D /* Debug */ = {
			isa = XCBuildConfiguration;
			buildSettings = {
				ALWAYS_EMBED_SWIFT_STANDARD_LIBRARIES = YES;
				BUNDLE_LOADER = "$(TEST_HOST)";
				CODE_SIGN_STYLE = Automatic;
				DEVELOPMENT_TEAM = 6W3ZNHRYY4;
				INFOPLIST_FILE = Cloud_53_ver2Tests/Info.plist;
				IPHONEOS_DEPLOYMENT_TARGET = 13.5;
				LD_RUNPATH_SEARCH_PATHS = (
					"$(inherited)",
					"@executable_path/Frameworks",
					"@loader_path/Frameworks",
				);
				PRODUCT_BUNDLE_IDENTIFIER = "oak.Cloud-53-ver2Tests";
				PRODUCT_NAME = "$(TARGET_NAME)";
				SWIFT_VERSION = 5.0;
				TARGETED_DEVICE_FAMILY = "1,2";
				TEST_HOST = "$(BUILT_PRODUCTS_DIR)/Cloud_53_ver2.app/Cloud_53_ver2";
			};
			name = Debug;
		};
		55286BA524DF67FE000E606D /* Release */ = {
			isa = XCBuildConfiguration;
			buildSettings = {
				ALWAYS_EMBED_SWIFT_STANDARD_LIBRARIES = YES;
				BUNDLE_LOADER = "$(TEST_HOST)";
				CODE_SIGN_STYLE = Automatic;
				DEVELOPMENT_TEAM = 6W3ZNHRYY4;
				INFOPLIST_FILE = Cloud_53_ver2Tests/Info.plist;
				IPHONEOS_DEPLOYMENT_TARGET = 13.5;
				LD_RUNPATH_SEARCH_PATHS = (
					"$(inherited)",
					"@executable_path/Frameworks",
					"@loader_path/Frameworks",
				);
				PRODUCT_BUNDLE_IDENTIFIER = "oak.Cloud-53-ver2Tests";
				PRODUCT_NAME = "$(TARGET_NAME)";
				SWIFT_VERSION = 5.0;
				TARGETED_DEVICE_FAMILY = "1,2";
				TEST_HOST = "$(BUILT_PRODUCTS_DIR)/Cloud_53_ver2.app/Cloud_53_ver2";
			};
			name = Release;
		};
/* End XCBuildConfiguration section */

/* Begin XCConfigurationList section */
		55286B7924DF67FA000E606D /* Build configuration list for PBXProject "Cloud_53_ver2" */ = {
			isa = XCConfigurationList;
			buildConfigurations = (
				55286B9E24DF67FE000E606D /* Debug */,
				55286B9F24DF67FE000E606D /* Release */,
			);
			defaultConfigurationIsVisible = 0;
			defaultConfigurationName = Release;
		};
		55286BA024DF67FE000E606D /* Build configuration list for PBXNativeTarget "Cloud_53_ver2" */ = {
			isa = XCConfigurationList;
			buildConfigurations = (
				55286BA124DF67FE000E606D /* Debug */,
				55286BA224DF67FE000E606D /* Release */,
			);
			defaultConfigurationIsVisible = 0;
			defaultConfigurationName = Release;
		};
		55286BA324DF67FE000E606D /* Build configuration list for PBXNativeTarget "Cloud_53_ver2Tests" */ = {
			isa = XCConfigurationList;
			buildConfigurations = (
				55286BA424DF67FE000E606D /* Debug */,
				55286BA524DF67FE000E606D /* Release */,
			);
			defaultConfigurationIsVisible = 0;
			defaultConfigurationName = Release;
		};
/* End XCConfigurationList section */

/* Begin XCVersionGroup section */
		55286B8524DF67FA000E606D /* Cloud_53_ver2.xcdatamodeld */ = {
			isa = XCVersionGroup;
			children = (
				55286B8624DF67FA000E606D /* Cloud_53_ver2.xcdatamodel */,
			);
			currentVersion = 55286B8624DF67FA000E606D /* Cloud_53_ver2.xcdatamodel */;
			path = Cloud_53_ver2.xcdatamodeld;
			sourceTree = "<group>";
			versionGroupType = wrapper.xcdatamodel;
		};
/* End XCVersionGroup section */
	};
	rootObject = 55286B7624DF67FA000E606D /* Project object */;
}
